// !$*UTF8*$!
{
	archiveVersion = 1;
	classes = {
	};
	objectVersion = 46;
	objects = {

/* Begin PBXBuildFile section */
		5669E93D1E6E9E2A000D1F42 /* AppDelegate.swift in Sources */ = {isa = PBXBuildFile; fileRef = 5669E93C1E6E9E2A000D1F42 /* AppDelegate.swift */; };
		5669E93F1E6E9E2A000D1F42 /* ViewController.swift in Sources */ = {isa = PBXBuildFile; fileRef = 5669E93E1E6E9E2A000D1F42 /* ViewController.swift */; };
		5669E9421E6E9E2A000D1F42 /* Main.storyboard in Resources */ = {isa = PBXBuildFile; fileRef = 5669E9401E6E9E2A000D1F42 /* Main.storyboard */; };
		5669E9441E6E9E2A000D1F42 /* Assets.xcassets in Resources */ = {isa = PBXBuildFile; fileRef = 5669E9431E6E9E2A000D1F42 /* Assets.xcassets */; };
		5669E9471E6E9E2A000D1F42 /* LaunchScreen.storyboard in Resources */ = {isa = PBXBuildFile; fileRef = 5669E9451E6E9E2A000D1F42 /* LaunchScreen.storyboard */; };
		5669E9501E6E9EE8000D1F42 /* FireCollectionViewCell.swift in Sources */ = {isa = PBXBuildFile; fileRef = 5669E94F1E6E9EE8000D1F42 /* FireCollectionViewCell.swift */; };
		5669E9531E6E9F08000D1F42 /* FireCollectionViewController.swift in Sources */ = {isa = PBXBuildFile; fileRef = 5669E9521E6E9F08000D1F42 /* FireCollectionViewController.swift */; };
		CCBC6D33C610F46235B6E460 /* Pods_FireUploadStarter.framework in Frameworks */ = {isa = PBXBuildFile; fileRef = CD1FDE8DDAA302EEEB59F73E /* Pods_FireUploadStarter.framework */; };
		F40E30C91EA8B4D60089D1A6 /* GoogleService-Info.plist in Resources */ = {isa = PBXBuildFile; fileRef = F40E30C81EA8B4D60089D1A6 /* GoogleService-Info.plist */; };
/* End PBXBuildFile section */

/* Begin PBXFileReference section */
		019F61DBBF2A784F12340419 /* Pods-FireUploadStarter.debug.xcconfig */ = {isa = PBXFileReference; includeInIndex = 1; lastKnownFileType = text.xcconfig; name = "Pods-FireUploadStarter.debug.xcconfig"; path = "Pods/Target Support Files/Pods-FireUploadStarter/Pods-FireUploadStarter.debug.xcconfig"; sourceTree = "<group>"; };
		5669E9391E6E9E2A000D1F42 /* FireUploadStarter.app */ = {isa = PBXFileReference; explicitFileType = wrapper.application; includeInIndex = 0; path = FireUploadStarter.app; sourceTree = BUILT_PRODUCTS_DIR; };
		5669E93C1E6E9E2A000D1F42 /* AppDelegate.swift */ = {isa = PBXFileReference; lastKnownFileType = sourcecode.swift; path = AppDelegate.swift; sourceTree = "<group>"; };
		5669E93E1E6E9E2A000D1F42 /* ViewController.swift */ = {isa = PBXFileReference; lastKnownFileType = sourcecode.swift; path = ViewController.swift; sourceTree = "<group>"; };
		5669E9411E6E9E2A000D1F42 /* Base */ = {isa = PBXFileReference; lastKnownFileType = file.storyboard; name = Base; path = Base.lproj/Main.storyboard; sourceTree = "<group>"; };
		5669E9431E6E9E2A000D1F42 /* Assets.xcassets */ = {isa = PBXFileReference; lastKnownFileType = folder.assetcatalog; path = Assets.xcassets; sourceTree = "<group>"; };
		5669E9461E6E9E2A000D1F42 /* Base */ = {isa = PBXFileReference; lastKnownFileType = file.storyboard; name = Base; path = Base.lproj/LaunchScreen.storyboard; sourceTree = "<group>"; };
		5669E9481E6E9E2A000D1F42 /* Info.plist */ = {isa = PBXFileReference; lastKnownFileType = text.plist.xml; path = Info.plist; sourceTree = "<group>"; };
		5669E94F1E6E9EE8000D1F42 /* FireCollectionViewCell.swift */ = {isa = PBXFileReference; fileEncoding = 4; lastKnownFileType = sourcecode.swift; path = FireCollectionViewCell.swift; sourceTree = "<group>"; };
		5669E9521E6E9F08000D1F42 /* FireCollectionViewController.swift */ = {isa = PBXFileReference; fileEncoding = 4; lastKnownFileType = sourcecode.swift; path = FireCollectionViewController.swift; sourceTree = "<group>"; };
		698EB3CFCBABA8324B66769E /* Pods-FireUploadStarter.release.xcconfig */ = {isa = PBXFileReference; includeInIndex = 1; lastKnownFileType = text.xcconfig; name = "Pods-FireUploadStarter.release.xcconfig"; path = "Pods/Target Support Files/Pods-FireUploadStarter/Pods-FireUploadStarter.release.xcconfig"; sourceTree = "<group>"; };
		CD1FDE8DDAA302EEEB59F73E /* Pods_FireUploadStarter.framework */ = {isa = PBXFileReference; explicitFileType = wrapper.framework; includeInIndex = 0; path = Pods_FireUploadStarter.framework; sourceTree = BUILT_PRODUCTS_DIR; };
		F40E30C81EA8B4D60089D1A6 /* GoogleService-Info.plist */ = {isa = PBXFileReference; fileEncoding = 4; lastKnownFileType = text.plist.xml; path = "GoogleService-Info.plist"; sourceTree = "<group>"; };
/* End PBXFileReference section */

/* Begin PBXFrameworksBuildPhase section */
		5669E9361E6E9E2A000D1F42 /* Frameworks */ = {
			isa = PBXFrameworksBuildPhase;
			buildActionMask = 2147483647;
			files = (
				CCBC6D33C610F46235B6E460 /* Pods_FireUploadStarter.framework in Frameworks */,
			);
			runOnlyForDeploymentPostprocessing = 0;
		};
/* End PBXFrameworksBuildPhase section */

/* Begin PBXGroup section */
		5669E9301E6E9E2A000D1F42 = {
			isa = PBXGroup;
			children = (
				5669E93B1E6E9E2A000D1F42 /* FireUploadStarter */,
				5669E93A1E6E9E2A000D1F42 /* Products */,
				889F42B866D8675CA2865F7F /* Pods */,
				CB8ED4786A5378BD09B93392 /* Frameworks */,
			);
			sourceTree = "<group>";
		};
		5669E93A1E6E9E2A000D1F42 /* Products */ = {
			isa = PBXGroup;
			children = (
				5669E9391E6E9E2A000D1F42 /* FireUploadStarter.app */,
			);
			name = Products;
			sourceTree = "<group>";
		};
		5669E93B1E6E9E2A000D1F42 /* FireUploadStarter */ = {
			isa = PBXGroup;
			children = (
				5669E93C1E6E9E2A000D1F42 /* AppDelegate.swift */,
				5669E93E1E6E9E2A000D1F42 /* ViewController.swift */,
				5669E9401E6E9E2A000D1F42 /* Main.storyboard */,
				5669E9431E6E9E2A000D1F42 /* Assets.xcassets */,
				5669E9451E6E9E2A000D1F42 /* LaunchScreen.storyboard */,
				5669E9481E6E9E2A000D1F42 /* Info.plist */,
				F40E30C81EA8B4D60089D1A6 /* GoogleService-Info.plist */,
				5669E9521E6E9F08000D1F42 /* FireCollectionViewController.swift */,
				5669E94F1E6E9EE8000D1F42 /* FireCollectionViewCell.swift */,
			);
			path = FireUploadStarter;
			sourceTree = "<group>";
		};
		889F42B866D8675CA2865F7F /* Pods */ = {
			isa = PBXGroup;
			children = (
				019F61DBBF2A784F12340419 /* Pods-FireUploadStarter.debug.xcconfig */,
				698EB3CFCBABA8324B66769E /* Pods-FireUploadStarter.release.xcconfig */,
			);
			name = Pods;
			sourceTree = "<group>";
		};
		CB8ED4786A5378BD09B93392 /* Frameworks */ = {
			isa = PBXGroup;
			children = (
				CD1FDE8DDAA302EEEB59F73E /* Pods_FireUploadStarter.framework */,
			);
			name = Frameworks;
			sourceTree = "<group>";
		};
/* End PBXGroup section */

/* Begin PBXNativeTarget section */
		5669E9381E6E9E2A000D1F42 /* FireUploadStarter */ = {
			isa = PBXNativeTarget;
			buildConfigurationList = 5669E94B1E6E9E2A000D1F42 /* Build configuration list for PBXNativeTarget "FireUploadStarter" */;
			buildPhases = (
				465027CCEEBB10BD4B12C209 /* [CP] Check Pods Manifest.lock */,
				5669E9351E6E9E2A000D1F42 /* Sources */,
				5669E9361E6E9E2A000D1F42 /* Frameworks */,
				5669E9371E6E9E2A000D1F42 /* Resources */,
				C4C20676BDC9005919F3D262 /* [CP] Embed Pods Frameworks */,
				47969188E1DA694D63B5B2CF /* [CP] Copy Pods Resources */,
			);
			buildRules = (
			);
			dependencies = (
			);
			name = FireUploadStarter;
			productName = FireUploadStarter;
			productReference = 5669E9391E6E9E2A000D1F42 /* FireUploadStarter.app */;
			productType = "com.apple.product-type.application";
		};
/* End PBXNativeTarget section */

/* Begin PBXProject section */
		5669E9311E6E9E2A000D1F42 /* Project object */ = {
			isa = PBXProject;
			attributes = {
				LastSwiftUpdateCheck = 0820;
				LastUpgradeCheck = 0820;
				ORGANIZATIONNAME = AppCoda;
				TargetAttributes = {
					5669E9381E6E9E2A000D1F42 = {
						CreatedOnToolsVersion = 8.2.1;
						DevelopmentTeam = YZP52RND5S;
						ProvisioningStyle = Automatic;
					};
				};
			};
			buildConfigurationList = 5669E9341E6E9E2A000D1F42 /* Build configuration list for PBXProject "fireuploadstarter" */;
			compatibilityVersion = "Xcode 3.2";
			developmentRegion = English;
			hasScannedForEncodings = 0;
			knownRegions = (
				en,
				Base,
			);
			mainGroup = 5669E9301E6E9E2A000D1F42;
			productRefGroup = 5669E93A1E6E9E2A000D1F42 /* Products */;
			projectDirPath = "";
			projectRoot = "";
			targets = (
				5669E9381E6E9E2A000D1F42 /* FireUploadStarter */,
			);
		};
/* End PBXProject section */

/* Begin PBXResourcesBuildPhase section */
		5669E9371E6E9E2A000D1F42 /* Resources */ = {
			isa = PBXResourcesBuildPhase;
			buildActionMask = 2147483647;
			files = (
				5669E9471E6E9E2A000D1F42 /* LaunchScreen.storyboard in Resources */,
				F40E30C91EA8B4D60089D1A6 /* GoogleService-Info.plist in Resources */,
				5669E9441E6E9E2A000D1F42 /* Assets.xcassets in Resources */,
				5669E9421E6E9E2A000D1F42 /* Main.storyboard in Resources */,
			);
			runOnlyForDeploymentPostprocessing = 0;
		};
/* End PBXResourcesBuildPhase section */

/* Begin PBXShellScriptBuildPhase section */
		465027CCEEBB10BD4B12C209 /* [CP] Check Pods Manifest.lock */ = {
			isa = PBXShellScriptBuildPhase;
			buildActionMask = 2147483647;
			files = (
			);
			inputPaths = (
			);
			name = "[CP] Check Pods Manifest.lock";
			outputPaths = (
			);
			runOnlyForDeploymentPostprocessing = 0;
			shellPath = /bin/sh;
			shellScript = "diff \"${PODS_ROOT}/../Podfile.lock\" \"${PODS_ROOT}/Manifest.lock\" > /dev/null\nif [ $? != 0 ] ; then\n    # print error to STDERR\n    echo \"error: The sandbox is not in sync with the Podfile.lock. Run 'pod install' or update your CocoaPods installation.\" >&2\n    exit 1\nfi\n";
			showEnvVarsInLog = 0;
		};
		47969188E1DA694D63B5B2CF /* [CP] Copy Pods Resources */ = {
			isa = PBXShellScriptBuildPhase;
			buildActionMask = 2147483647;
			files = (
			);
			inputPaths = (
			);
			name = "[CP] Copy Pods Resources";
			outputPaths = (
			);
			runOnlyForDeploymentPostprocessing = 0;
			shellPath = /bin/sh;
			shellScript = "\"${SRCROOT}/Pods/Target Support Files/Pods-FireUploadStarter/Pods-FireUploadStarter-resources.sh\"\n";
			showEnvVarsInLog = 0;
		};
		C4C20676BDC9005919F3D262 /* [CP] Embed Pods Frameworks */ = {
			isa = PBXShellScriptBuildPhase;
			buildActionMask = 2147483647;
			files = (
			);
			inputPaths = (
			);
			name = "[CP] Embed Pods Frameworks";
			outputPaths = (
			);
			runOnlyForDeploymentPostprocessing = 0;
			shellPath = /bin/sh;
			shellScript = "\"${SRCROOT}/Pods/Target Support Files/Pods-FireUploadStarter/Pods-FireUploadStarter-frameworks.sh\"\n";
			showEnvVarsInLog = 0;
		};
/* End PBXShellScriptBuildPhase section */

/* Begin PBXSourcesBuildPhase section */
		5669E9351E6E9E2A000D1F42 /* Sources */ = {
			isa = PBXSourcesBuildPhase;
			buildActionMask = 2147483647;
			files = (
				5669E9501E6E9EE8000D1F42 /* FireCollectionViewCell.swift in Sources */,
				5669E93F1E6E9E2A000D1F42 /* ViewController.swift in Sources */,
				5669E9531E6E9F08000D1F42 /* FireCollectionViewController.swift in Sources */,
				5669E93D1E6E9E2A000D1F42 /* AppDelegate.swift in Sources */,
			);
			runOnlyForDeploymentPostprocessing = 0;
		};
/* End PBXSourcesBuildPhase section */

/* Begin PBXVariantGroup section */
		5669E9401E6E9E2A000D1F42 /* Main.storyboard */ = {
			isa = PBXVariantGroup;
			children = (
				5669E9411E6E9E2A000D1F42 /* Base */,
			);
			name = Main.storyboard;
			sourceTree = "<group>";
		};
		5669E9451E6E9E2A000D1F42 /* LaunchScreen.storyboard */ = {
			isa = PBXVariantGroup;
			children = (
				5669E9461E6E9E2A000D1F42 /* Base */,
			);
			name = LaunchScreen.storyboard;
			sourceTree = "<group>";
		};
/* End PBXVariantGroup section */

/* Begin XCBuildConfiguration section */
		5669E9491E6E9E2A000D1F42 /* Debug */ = {
			isa = XCBuildConfiguration;
			buildSettings = {
				ALWAYS_SEARCH_USER_PATHS = NO;
				CLANG_ANALYZER_NONNULL = YES;
				CLANG_CXX_LANGUAGE_STANDARD = "gnu++0x";
				CLANG_CXX_LIBRARY = "libc++";
				CLANG_ENABLE_MODULES = YES;
				CLANG_ENABLE_OBJC_ARC = YES;
				CLANG_WARN_BOOL_CONVERSION = YES;
				CLANG_WARN_CONSTANT_CONVERSION = YES;
				CLANG_WARN_DIRECT_OBJC_ISA_USAGE = YES_ERROR;
				CLANG_WARN_DOCUMENTATION_COMMENTS = YES;
				CLANG_WARN_EMPTY_BODY = YES;
				CLANG_WARN_ENUM_CONVERSION = YES;
				CLANG_WARN_INFINITE_RECURSION = YES;
				CLANG_WARN_INT_CONVERSION = YES;
				CLANG_WARN_OBJC_ROOT_CLASS = YES_ERROR;
				CLANG_WARN_SUSPICIOUS_MOVE = YES;
				CLANG_WARN_UNREACHABLE_CODE = YES;
				CLANG_WARN__DUPLICATE_METHOD_MATCH = YES;
				"CODE_SIGN_IDENTITY[sdk=iphoneos*]" = "iPhone Developer";
				COPY_PHASE_STRIP = NO;
				DEBUG_INFORMATION_FORMAT = dwarf;
				ENABLE_STRICT_OBJC_MSGSEND = YES;
				ENABLE_TESTABILITY = YES;
				GCC_C_LANGUAGE_STANDARD = gnu99;
				GCC_DYNAMIC_NO_PIC = NO;
				GCC_NO_COMMON_BLOCKS = YES;
				GCC_OPTIMIZATION_LEVEL = 0;
				GCC_PREPROCESSOR_DEFINITIONS = (
					"DEBUG=1",
					"$(inherited)",
				);
				GCC_WARN_64_TO_32_BIT_CONVERSION = YES;
				GCC_WARN_ABOUT_RETURN_TYPE = YES_ERROR;
				GCC_WARN_UNDECLARED_SELECTOR = YES;
				GCC_WARN_UNINITIALIZED_AUTOS = YES_AGGRESSIVE;
				GCC_WARN_UNUSED_FUNCTION = YES;
				GCC_WARN_UNUSED_VARIABLE = YES;
				IPHONEOS_DEPLOYMENT_TARGET = 10.2;
				MTL_ENABLE_DEBUG_INFO = YES;
				ONLY_ACTIVE_ARCH = YES;
				SDKROOT = iphoneos;
				SWIFT_ACTIVE_COMPILATION_CONDITIONS = DEBUG;
				SWIFT_OPTIMIZATION_LEVEL = "-Onone";
			};
			name = Debug;
		};
		5669E94A1E6E9E2A000D1F42 /* Release */ = {
			isa = XCBuildConfiguration;
			buildSettings = {
				ALWAYS_SEARCH_USER_PATHS = NO;
				CLANG_ANALYZER_NONNULL = YES;
				CLANG_CXX_LANGUAGE_STANDARD = "gnu++0x";
				CLANG_CXX_LIBRARY = "libc++";
				CLANG_ENABLE_MODULES = YES;
				CLANG_ENABLE_OBJC_ARC = YES;
				CLANG_WARN_BOOL_CONVERSION = YES;
				CLANG_WARN_CONSTANT_CONVERSION = YES;
				CLANG_WARN_DIRECT_OBJC_ISA_USAGE = YES_ERROR;
				CLANG_WARN_DOCUMENTATION_COMMENTS = YES;
				CLANG_WARN_EMPTY_BODY = YES;
				CLANG_WARN_ENUM_CONVERSION = YES;
				CLANG_WARN_INFINITE_RECURSION = YES;
				CLANG_WARN_INT_CONVERSION = YES;
				CLANG_WARN_OBJC_ROOT_CLASS = YES_ERROR;
				CLANG_WARN_SUSPICIOUS_MOVE = YES;
				CLANG_WARN_UNREACHABLE_CODE = YES;
				CLANG_WARN__DUPLICATE_METHOD_MATCH = YES;
				"CODE_SIGN_IDENTITY[sdk=iphoneos*]" = "iPhone Developer";
				COPY_PHASE_STRIP = NO;
				DEBUG_INFORMATION_FORMAT = "dwarf-with-dsym";
				ENABLE_NS_ASSERTIONS = NO;
				ENABLE_STRICT_OBJC_MSGSEND = YES;
				GCC_C_LANGUAGE_STANDARD = gnu99;
				GCC_NO_COMMON_BLOCKS = YES;
				GCC_WARN_64_TO_32_BIT_CONVERSION = YES;
				GCC_WARN_ABOUT_RETURN_TYPE = YES_ERROR;
				GCC_WARN_UNDECLARED_SELECTOR = YES;
				GCC_WARN_UNINITIALIZED_AUTOS = YES_AGGRESSIVE;
				GCC_WARN_UNUSED_FUNCTION = YES;
				GCC_WARN_UNUSED_VARIABLE = YES;
				IPHONEOS_DEPLOYMENT_TARGET = 10.2;
				MTL_ENABLE_DEBUG_INFO = NO;
				SDKROOT = iphoneos;
				SWIFT_OPTIMIZATION_LEVEL = "-Owholemodule";
				VALIDATE_PRODUCT = YES;
			};
			name = Release;
		};
		5669E94C1E6E9E2A000D1F42 /* Debug */ = {
			isa = XCBuildConfiguration;
			baseConfigurationReference = 019F61DBBF2A784F12340419 /* Pods-FireUploadStarter.debug.xcconfig */;
			buildSettings = {
				ASSETCATALOG_COMPILER_APPICON_NAME = AppIcon;
				DEVELOPMENT_TEAM = YZP52RND5S;
				INFOPLIST_FILE = FireUploadStarter/Info.plist;
				LD_RUNPATH_SEARCH_PATHS = "$(inherited) @executable_path/Frameworks";
				PRODUCT_BUNDLE_IDENTIFIER = com.appcoda.ImageUploadDemo;
				PRODUCT_NAME = "$(TARGET_NAME)";
				SWIFT_VERSION = 3.0;
			};
			name = Debug;
		};
		5669E94D1E6E9E2A000D1F42 /* Release */ = {
			isa = XCBuildConfiguration;
			baseConfigurationReference = 698EB3CFCBABA8324B66769E /* Pods-FireUploadStarter.release.xcconfig */;
			buildSettings = {
				ASSETCATALOG_COMPILER_APPICON_NAME = AppIcon;
				DEVELOPMENT_TEAM = YZP52RND5S;
				INFOPLIST_FILE = FireUploadStarter/Info.plist;
				LD_RUNPATH_SEARCH_PATHS = "$(inherited) @executable_path/Frameworks";
				PRODUCT_BUNDLE_IDENTIFIER = com.appcoda.ImageUploadDemo;
				PRODUCT_NAME = "$(TARGET_NAME)";
				SWIFT_VERSION = 3.0;
			};
			name = Release;
		};
/* End XCBuildConfiguration section */

/* Begin XCConfigurationList section */
		5669E9341E6E9E2A000D1F42 /* Build configuration list for PBXProject "fireuploadstarter" */ = {
			isa = XCConfigurationList;
			buildConfigurations = (
				5669E9491E6E9E2A000D1F42 /* Debug */,
				5669E94A1E6E9E2A000D1F42 /* Release */,
			);
			defaultConfigurationIsVisible = 0;
			defaultConfigurationName = Release;
		};
		5669E94B1E6E9E2A000D1F42 /* Build configuration list for PBXNativeTarget "FireUploadStarter" */ = {
			isa = XCConfigurationList;
			buildConfigurations = (
				5669E94C1E6E9E2A000D1F42 /* Debug */,
				5669E94D1E6E9E2A000D1F42 /* Release */,
			);
			defaultConfigurationIsVisible = 0;
			defaultConfigurationName = Release;
		};
/* End XCConfigurationList section */
	};
	rootObject = 5669E9311E6E9E2A000D1F42 /* Project object */;
}
